{
  "name": "extension",
  "lockfileVersion": 3,
  "requires": true,
  "packages": {
    "": {
      "dependencies": {
        "crx-hotreload": "^1.0.6"
      }
    },
    "node_modules/crx-hotreload": {
      "version": "1.0.6",
      "resolved": "https://registry.npmjs.org/crx-hotreload/-/crx-hotreload-1.0.6.tgz",
      "integrity": "sha512-W07F3gXyCTrHf4w1W2v6y3PHBYyYtJKCiBmgf0FkkteFh9GhqeV9HR7+UbKKfnrx39oC+PHycz9NmBMerIcbGA=="
    }
  }
}
